
Microsoft Visual Studio Solution File, Format Version 12.00
# Visual Studio 15
Project("{FAE04EC0-301F-11D3-BF4B-00C04F79EFBC}") = "Assembly-CSharp-firstpass", "Assembly-CSharp-firstpass.csproj", "{95278C51-75DF-0EC8-A791-74F195CE03ED}"
EndProject
Project("{FAE04EC0-301F-11D3-BF4B-00C04F79EFBC}") = "Assembly-CSharp", "Assembly-CSharp.csproj", "{C22A8FC1-C655-E7A6-E688-B703DCAD3027}"
EndProject
Project("{FAE04EC0-301F-11D3-BF4B-00C04F79EFBC}") = "Assembly-CSharp-Editor-firstpass", "Assembly-CSharp-Editor-firstpass.csproj", "{D2D77734-99B2-2E05-E984-C22EAF8E6118}"
EndProject
Global
	GlobalSection(SolutionConfigurationPlatforms) = preSolution
		Debug|Any CPU = Debug|Any CPU
		Release|Any CPU = Release|Any CPU
	EndGlobalSection
	GlobalSection(ProjectConfigurationPlatforms) = postSolution
		{95278C51-75DF-0EC8-A791-74F195CE03ED}.Debug|Any CPU.ActiveCfg = Debug|Any CPU
		{95278C51-75DF-0EC8-A791-74F195CE03ED}.Debug|Any CPU.Build.0 = Debug|Any CPU
		{95278C51-75DF-0EC8-A791-74F195CE03ED}.Release|Any CPU.ActiveCfg = Release|Any CPU
		{95278C51-75DF-0EC8-A791-74F195CE03ED}.Release|Any CPU.Build.0 = Release|Any CPU
		{C22A8FC1-C655-E7A6-E688-B703DCAD3027}.Debug|Any CPU.ActiveCfg = Debug|Any CPU
		{C22A8FC1-C655-E7A6-E688-B703DCAD3027}.Debug|Any CPU.Build.0 = Debug|Any CPU
		{C22A8FC1-C655-E7A6-E688-B703DCAD3027}.Release|Any CPU.ActiveCfg = Release|Any CPU
		{C22A8FC1-C655-E7A6-E688-B703DCAD3027}.Release|Any CPU.Build.0 = Release|Any CPU
		{D2D77734-99B2-2E05-E984-C22EAF8E6118}.Debug|Any CPU.ActiveCfg = Debug|Any CPU
		{D2D77734-99B2-2E05-E984-C22EAF8E6118}.Debug|Any CPU.Build.0 = Debug|Any CPU
		{D2D77734-99B2-2E05-E984-C22EAF8E6118}.Release|Any CPU.ActiveCfg = Release|Any CPU
		{D2D77734-99B2-2E05-E984-C22EAF8E6118}.Release|Any CPU.Build.0 = Release|Any CPU
	EndGlobalSection
	GlobalSection(SolutionProperties) = preSolution
		HideSolutionNode = FALSE
	EndGlobalSection
EndGlobal
